Microsoft Visual Studio Solution File, Format Version 12.00
# Visual Studio Version 17
VisualStudioVersion = 17.5.2.0
MinimumVisualStudioVersion = 10.0.40219.1
Project("{FAE04EC0-301F-11D3-BF4B-00C04F79EFBC}") = "EmployeeTimeTracker", "EmployeeTimeTracker.csproj", "{F4A02B51-3A7A-2FE9-4238-9C8E0E57FA0E}"
EndProject
Global
	GlobalSection(SolutionConfigurationPlatforms) = preSolution
		Debug|Any CPU = Debug|Any CPU
		Release|Any CPU = Release|Any CPU
	EndGlobalSection
	GlobalSection(ProjectConfigurationPlatforms) = postSolution
		{F4A02B51-3A7A-2FE9-4238-9C8E0E57FA0E}.Debug|Any CPU.ActiveCfg = Debug|Any CPU
		{F4A02B51-3A7A-2FE9-4238-9C8E0E57FA0E}.Debug|Any CPU.Build.0 = Debug|Any CPU
		{F4A02B51-3A7A-2FE9-4238-9C8E0E57FA0E}.Release|Any CPU.ActiveCfg = Release|Any CPU
		{F4A02B51-3A7A-2FE9-4238-9C8E0E57FA0E}.Release|Any CPU.Build.0 = Release|Any CPU
	EndGlobalSection
	GlobalSection(SolutionProperties) = preSolution
		HideSolutionNode = FALSE
	EndGlobalSection
	GlobalSection(ExtensibilityGlobals) = postSolution
		SolutionGuid = {F3C0C791-1436-4C2A-8539-502555498738}
	EndGlobalSection
EndGlobal
